
Microsoft Visual Studio Solution File, Format Version 12.00
# Visual Studio Version 16
VisualStudioVersion = 16.0.31025.194
MinimumVisualStudioVersion = 10.0.40219.1
Project("{FAE04EC0-301F-11D3-BF4B-00C04F79EFBC}") = "MesajlaşmaUygulaması", "MesajlaşmaUygulaması\MesajlaşmaUygulaması.csproj", "{ED150763-781B-434D-9CE5-823EEC853BAA}"
EndProject
Global
	GlobalSection(SolutionConfigurationPlatforms) = preSolution
		Debug|Any CPU = Debug|Any CPU
		Release|Any CPU = Release|Any CPU
	EndGlobalSection
	GlobalSection(ProjectConfigurationPlatforms) = postSolution
		{ED150763-781B-434D-9CE5-823EEC853BAA}.Debug|Any CPU.ActiveCfg = Debug|Any CPU
		{ED150763-781B-434D-9CE5-823EEC853BAA}.Debug|Any CPU.Build.0 = Debug|Any CPU
		{ED150763-781B-434D-9CE5-823EEC853BAA}.Release|Any CPU.ActiveCfg = Release|Any CPU
		{ED150763-781B-434D-9CE5-823EEC853BAA}.Release|Any CPU.Build.0 = Release|Any CPU
	EndGlobalSection
	GlobalSection(SolutionProperties) = preSolution
		HideSolutionNode = FALSE
	EndGlobalSection
	GlobalSection(ExtensibilityGlobals) = postSolution
		SolutionGuid = {EBD5F969-5B69-4921-A903-F108E8E47D85}
	EndGlobalSection
EndGlobal
